
Microsoft Visual Studio Solution File, Format Version 12.00
# Visual Studio Version 17
VisualStudioVersion = 17.6.33829.357
MinimumVisualStudioVersion = 10.0.40219.1
Project("{FAE04EC0-301F-11D3-BF4B-00C04F79EFBC}") = "Cadrasto", "Cadrasto\Cadrasto.csproj", "{5A722BA3-2C80-4817-92F5-D74B36F01553}"
EndProject
Global
	GlobalSection(SolutionConfigurationPlatforms) = preSolution
		Debug|Any CPU = Debug|Any CPU
		Release|Any CPU = Release|Any CPU
	EndGlobalSection
	GlobalSection(ProjectConfigurationPlatforms) = postSolution
		{5A722BA3-2C80-4817-92F5-D74B36F01553}.Debug|Any CPU.ActiveCfg = Debug|Any CPU
		{5A722BA3-2C80-4817-92F5-D74B36F01553}.Debug|Any CPU.Build.0 = Debug|Any CPU
		{5A722BA3-2C80-4817-92F5-D74B36F01553}.Release|Any CPU.ActiveCfg = Release|Any CPU
		{5A722BA3-2C80-4817-92F5-D74B36F01553}.Release|Any CPU.Build.0 = Release|Any CPU
	EndGlobalSection
	GlobalSection(SolutionProperties) = preSolution
		HideSolutionNode = FALSE
	EndGlobalSection
	GlobalSection(ExtensibilityGlobals) = postSolution
		SolutionGuid = {631AB534-8B56-4260-93C9-7B1F4ACB6F1D}
	EndGlobalSection
EndGlobal
